
Microsoft Visual Studio Solution File, Format Version 12.00
# Visual Studio Version 16
VisualStudioVersion = 16.0.30711.63
MinimumVisualStudioVersion = 10.0.40219.1
Project("{9A19103F-16F7-4668-BE54-9A1E7A4F7556}") = "GestionConcert", "GestionConcert\GestionConcert.csproj", "{9F1FC2E8-37EC-4DA9-AE46-34E8C6A1BDB7}"
EndProject
Global
	GlobalSection(SolutionConfigurationPlatforms) = preSolution
		Debug|Any CPU = Debug|Any CPU
		Release|Any CPU = Release|Any CPU
	EndGlobalSection
	GlobalSection(ProjectConfigurationPlatforms) = postSolution
		{9F1FC2E8-37EC-4DA9-AE46-34E8C6A1BDB7}.Debug|Any CPU.ActiveCfg = Debug|Any CPU
		{9F1FC2E8-37EC-4DA9-AE46-34E8C6A1BDB7}.Debug|Any CPU.Build.0 = Debug|Any CPU
		{9F1FC2E8-37EC-4DA9-AE46-34E8C6A1BDB7}.Release|Any CPU.ActiveCfg = Release|Any CPU
		{9F1FC2E8-37EC-4DA9-AE46-34E8C6A1BDB7}.Release|Any CPU.Build.0 = Release|Any CPU
	EndGlobalSection
	GlobalSection(SolutionProperties) = preSolution
		HideSolutionNode = FALSE
	EndGlobalSection
	GlobalSection(ExtensibilityGlobals) = postSolution
		SolutionGuid = {9AFD778F-3322-45E0-AAD2-0F1814B61713}
	EndGlobalSection
EndGlobal
